
Microsoft Visual Studio Solution File, Format Version 12.00
# Visual Studio Version 16
VisualStudioVersion = 16.0.30611.23
MinimumVisualStudioVersion = 10.0.40219.1
Project("{9A19103F-16F7-4668-BE54-9A1E7A4F7556}") = "PresentationLogic", "PresentationLogic\PresentationLogic.csproj", "{1BBD2A7D-C3B0-42B5-83B5-4D4DC4486619}"
	ProjectSection(ProjectDependencies) = postProject
		{1050031C-3E75-4FF4-A619-839EE8251BB9} = {1050031C-3E75-4FF4-A619-839EE8251BB9}
	EndProjectSection
EndProject
Project("{9A19103F-16F7-4668-BE54-9A1E7A4F7556}") = "BuissnessLogic", "BuissnessLogic\BuissnessLogic.csproj", "{1050031C-3E75-4FF4-A619-839EE8251BB9}"
	ProjectSection(ProjectDependencies) = postProject
		{C9CF7494-FE79-417E-8C15-95D0E3918DBA} = {C9CF7494-FE79-417E-8C15-95D0E3918DBA}
	EndProjectSection
EndProject
Project("{9A19103F-16F7-4668-BE54-9A1E7A4F7556}") = "DataAccessLogic", "DataAccessLogic\DataAccessLogic.csproj", "{C9CF7494-FE79-417E-8C15-95D0E3918DBA}"
EndProject
Project("{9A19103F-16F7-4668-BE54-9A1E7A4F7556}") = "DTO", "DTO\DTO.csproj", "{CB0B6A7B-42DA-4691-A3CC-7E8193D249C5}"
EndProject
Project("{FAE04EC0-301F-11D3-BF4B-00C04F79EFBC}") = "Test gem fil", "Test gem fil\Test gem fil.csproj", "{A950AE2A-59F4-4DEB-A608-644CC399F549}"
EndProject
Global
	GlobalSection(SolutionConfigurationPlatforms) = preSolution
		Debug|Any CPU = Debug|Any CPU
		Release|Any CPU = Release|Any CPU
	EndGlobalSection
	GlobalSection(ProjectConfigurationPlatforms) = postSolution
		{1BBD2A7D-C3B0-42B5-83B5-4D4DC4486619}.Debug|Any CPU.ActiveCfg = Debug|Any CPU
		{1BBD2A7D-C3B0-42B5-83B5-4D4DC4486619}.Debug|Any CPU.Build.0 = Debug|Any CPU
		{1BBD2A7D-C3B0-42B5-83B5-4D4DC4486619}.Release|Any CPU.ActiveCfg = Release|Any CPU
		{1BBD2A7D-C3B0-42B5-83B5-4D4DC4486619}.Release|Any CPU.Build.0 = Release|Any CPU
		{1050031C-3E75-4FF4-A619-839EE8251BB9}.Debug|Any CPU.ActiveCfg = Debug|Any CPU
		{1050031C-3E75-4FF4-A619-839EE8251BB9}.Debug|Any CPU.Build.0 = Debug|Any CPU
		{1050031C-3E75-4FF4-A619-839EE8251BB9}.Release|Any CPU.ActiveCfg = Release|Any CPU
		{1050031C-3E75-4FF4-A619-839EE8251BB9}.Release|Any CPU.Build.0 = Release|Any CPU
		{C9CF7494-FE79-417E-8C15-95D0E3918DBA}.Debug|Any CPU.ActiveCfg = Debug|Any CPU
		{C9CF7494-FE79-417E-8C15-95D0E3918DBA}.Debug|Any CPU.Build.0 = Debug|Any CPU
		{C9CF7494-FE79-417E-8C15-95D0E3918DBA}.Release|Any CPU.ActiveCfg = Release|Any CPU
		{C9CF7494-FE79-417E-8C15-95D0E3918DBA}.Release|Any CPU.Build.0 = Release|Any CPU
		{CB0B6A7B-42DA-4691-A3CC-7E8193D249C5}.Debug|Any CPU.ActiveCfg = Debug|Any CPU
		{CB0B6A7B-42DA-4691-A3CC-7E8193D249C5}.Debug|Any CPU.Build.0 = Debug|Any CPU
		{CB0B6A7B-42DA-4691-A3CC-7E8193D249C5}.Release|Any CPU.ActiveCfg = Release|Any CPU
		{CB0B6A7B-42DA-4691-A3CC-7E8193D249C5}.Release|Any CPU.Build.0 = Release|Any CPU
		{A950AE2A-59F4-4DEB-A608-644CC399F549}.Debug|Any CPU.ActiveCfg = Debug|Any CPU
		{A950AE2A-59F4-4DEB-A608-644CC399F549}.Debug|Any CPU.Build.0 = Debug|Any CPU
		{A950AE2A-59F4-4DEB-A608-644CC399F549}.Release|Any CPU.ActiveCfg = Release|Any CPU
		{A950AE2A-59F4-4DEB-A608-644CC399F549}.Release|Any CPU.Build.0 = Release|Any CPU
	EndGlobalSection
	GlobalSection(SolutionProperties) = preSolution
		HideSolutionNode = FALSE
	EndGlobalSection
	GlobalSection(ExtensibilityGlobals) = postSolution
		SolutionGuid = {E5E9A46F-A2FB-442D-9219-A413183D0D37}
	EndGlobalSection
EndGlobal
